
Microsoft Visual Studio Solution File, Format Version 12.00
Project("{2150E333-8FDC-42A3-9474-1A3956D46DE8}") = "LeetCode", "LeetCode", "{0E00F6DD-4065-48D9-9450-42511DDCEC19}"
EndProject
Project("{FAE04EC0-301F-11D3-BF4B-00C04F79EFBC}") = "TwoSum_1", "LeetCode\TwoSum_1\TwoSum_1.csproj", "{4010CA30-9D8E-48BB-935B-88F087A3D7C3}"
EndProject
Project("{FAE04EC0-301F-11D3-BF4B-00C04F79EFBC}") = "MaximumAverageSubarray_643", "LeetCode\MaximumAverageSubarray_643\MaximumAverageSubarray_643.csproj", "{3675187E-F6BA-400B-B926-962B16167ABC}"
EndProject
Project("{FAE04EC0-301F-11D3-BF4B-00C04F79EFBC}") = "MaxConsecutiveOnes_1004", "LeetCode\MaxConsecutiveOnes_1004\MaxConsecutiveOnes_1004.csproj", "{17CD67F0-2078-4EF7-94A9-AB2BFCC39327}"
EndProject
Project("{FAE04EC0-301F-11D3-BF4B-00C04F79EFBC}") = "NumberOfZeroFilledSubarrays_2348", "LeetCode\NumberOfZeroFilledSubarrays_2348\NumberOfZeroFilledSubarrays_2348.csproj", "{8E0FCDA0-354D-4A98-8B40-49104DAF13E6}"
EndProject
Project("{FAE04EC0-301F-11D3-BF4B-00C04F79EFBC}") = "NumberIOfWaysToSplitArray_2270", "LeetCode\NumberIOfWaysToSplitArray_2270\NumberIOfWaysToSplitArray_2270.csproj", "{81847BC6-4806-4527-BF79-D4D0D39F11E6}"
EndProject
Project("{FAE04EC0-301F-11D3-BF4B-00C04F79EFBC}") = "MinimumAverageDifference_2256", "LeetCode\MinimumAverageDifference_2256\MinimumAverageDifference_2256.csproj", "{798D1EC1-7FC6-44DF-AC91-D5558704EA61}"
EndProject
Project("{FAE04EC0-301F-11D3-BF4B-00C04F79EFBC}") = "CarPooling_1094", "LeetCode\CarPooling_1094\CarPooling_1094.csproj", "{24CE5335-F80F-4BED-9684-69D976327A75}"
EndProject
Project("{FAE04EC0-301F-11D3-BF4B-00C04F79EFBC}") = "LinkedListCycle_141", "LeetCode\LinkedListCycle_141\LinkedListCycle_141.csproj", "{2911D9A1-FA2A-47C7-A504-AA48C864E2A5}"
EndProject
Global
	GlobalSection(SolutionConfigurationPlatforms) = preSolution
		Debug|Any CPU = Debug|Any CPU
		Release|Any CPU = Release|Any CPU
	EndGlobalSection
	GlobalSection(ProjectConfigurationPlatforms) = postSolution
		{4010CA30-9D8E-48BB-935B-88F087A3D7C3}.Debug|Any CPU.ActiveCfg = Debug|Any CPU
		{4010CA30-9D8E-48BB-935B-88F087A3D7C3}.Debug|Any CPU.Build.0 = Debug|Any CPU
		{4010CA30-9D8E-48BB-935B-88F087A3D7C3}.Release|Any CPU.ActiveCfg = Release|Any CPU
		{4010CA30-9D8E-48BB-935B-88F087A3D7C3}.Release|Any CPU.Build.0 = Release|Any CPU
		{3675187E-F6BA-400B-B926-962B16167ABC}.Debug|Any CPU.ActiveCfg = Debug|Any CPU
		{3675187E-F6BA-400B-B926-962B16167ABC}.Debug|Any CPU.Build.0 = Debug|Any CPU
		{3675187E-F6BA-400B-B926-962B16167ABC}.Release|Any CPU.ActiveCfg = Release|Any CPU
		{3675187E-F6BA-400B-B926-962B16167ABC}.Release|Any CPU.Build.0 = Release|Any CPU
		{17CD67F0-2078-4EF7-94A9-AB2BFCC39327}.Debug|Any CPU.ActiveCfg = Debug|Any CPU
		{17CD67F0-2078-4EF7-94A9-AB2BFCC39327}.Debug|Any CPU.Build.0 = Debug|Any CPU
		{17CD67F0-2078-4EF7-94A9-AB2BFCC39327}.Release|Any CPU.ActiveCfg = Release|Any CPU
		{17CD67F0-2078-4EF7-94A9-AB2BFCC39327}.Release|Any CPU.Build.0 = Release|Any CPU
		{8E0FCDA0-354D-4A98-8B40-49104DAF13E6}.Debug|Any CPU.ActiveCfg = Debug|Any CPU
		{8E0FCDA0-354D-4A98-8B40-49104DAF13E6}.Debug|Any CPU.Build.0 = Debug|Any CPU
		{8E0FCDA0-354D-4A98-8B40-49104DAF13E6}.Release|Any CPU.ActiveCfg = Release|Any CPU
		{8E0FCDA0-354D-4A98-8B40-49104DAF13E6}.Release|Any CPU.Build.0 = Release|Any CPU
		{81847BC6-4806-4527-BF79-D4D0D39F11E6}.Debug|Any CPU.ActiveCfg = Debug|Any CPU
		{81847BC6-4806-4527-BF79-D4D0D39F11E6}.Debug|Any CPU.Build.0 = Debug|Any CPU
		{81847BC6-4806-4527-BF79-D4D0D39F11E6}.Release|Any CPU.ActiveCfg = Release|Any CPU
		{81847BC6-4806-4527-BF79-D4D0D39F11E6}.Release|Any CPU.Build.0 = Release|Any CPU
		{798D1EC1-7FC6-44DF-AC91-D5558704EA61}.Debug|Any CPU.ActiveCfg = Debug|Any CPU
		{798D1EC1-7FC6-44DF-AC91-D5558704EA61}.Debug|Any CPU.Build.0 = Debug|Any CPU
		{798D1EC1-7FC6-44DF-AC91-D5558704EA61}.Release|Any CPU.ActiveCfg = Release|Any CPU
		{798D1EC1-7FC6-44DF-AC91-D5558704EA61}.Release|Any CPU.Build.0 = Release|Any CPU
		{24CE5335-F80F-4BED-9684-69D976327A75}.Debug|Any CPU.ActiveCfg = Debug|Any CPU
		{24CE5335-F80F-4BED-9684-69D976327A75}.Debug|Any CPU.Build.0 = Debug|Any CPU
		{24CE5335-F80F-4BED-9684-69D976327A75}.Release|Any CPU.ActiveCfg = Release|Any CPU
		{24CE5335-F80F-4BED-9684-69D976327A75}.Release|Any CPU.Build.0 = Release|Any CPU
		{2911D9A1-FA2A-47C7-A504-AA48C864E2A5}.Debug|Any CPU.ActiveCfg = Debug|Any CPU
		{2911D9A1-FA2A-47C7-A504-AA48C864E2A5}.Debug|Any CPU.Build.0 = Debug|Any CPU
		{2911D9A1-FA2A-47C7-A504-AA48C864E2A5}.Release|Any CPU.ActiveCfg = Release|Any CPU
		{2911D9A1-FA2A-47C7-A504-AA48C864E2A5}.Release|Any CPU.Build.0 = Release|Any CPU
	EndGlobalSection
	GlobalSection(NestedProjects) = preSolution
		{4010CA30-9D8E-48BB-935B-88F087A3D7C3} = {0E00F6DD-4065-48D9-9450-42511DDCEC19}
		{3675187E-F6BA-400B-B926-962B16167ABC} = {0E00F6DD-4065-48D9-9450-42511DDCEC19}
		{17CD67F0-2078-4EF7-94A9-AB2BFCC39327} = {0E00F6DD-4065-48D9-9450-42511DDCEC19}
		{8E0FCDA0-354D-4A98-8B40-49104DAF13E6} = {0E00F6DD-4065-48D9-9450-42511DDCEC19}
		{81847BC6-4806-4527-BF79-D4D0D39F11E6} = {0E00F6DD-4065-48D9-9450-42511DDCEC19}
		{798D1EC1-7FC6-44DF-AC91-D5558704EA61} = {0E00F6DD-4065-48D9-9450-42511DDCEC19}
		{24CE5335-F80F-4BED-9684-69D976327A75} = {0E00F6DD-4065-48D9-9450-42511DDCEC19}
		{2911D9A1-FA2A-47C7-A504-AA48C864E2A5} = {0E00F6DD-4065-48D9-9450-42511DDCEC19}
	EndGlobalSection
EndGlobal
